
Microsoft Visual Studio Solution File, Format Version 12.00
# Visual Studio Version 17
VisualStudioVersion = 17.5.002.0
MinimumVisualStudioVersion = 10.0.40219.1
Project("{9A19103F-16F7-4668-BE54-9A1E7A4F7556}") = "ItemAPI", "ItemAPI.csproj", "{3C4FEEA2-D4E8-434A-BD70-A04EA0800442}"
EndProject
Project("{FAE04EC0-301F-11D3-BF4B-00C04F79EFBC}") = "ItemAPITests", "ItemAPITests\ItemAPITests.csproj", "{AF3C6B79-8FCA-4CD7-BADD-FB64DA4189BC}"
EndProject
Global
	GlobalSection(SolutionConfigurationPlatforms) = preSolution
		Debug|Any CPU = Debug|Any CPU
		Release|Any CPU = Release|Any CPU
	EndGlobalSection
	GlobalSection(ProjectConfigurationPlatforms) = postSolution
		{3C4FEEA2-D4E8-434A-BD70-A04EA0800442}.Debug|Any CPU.ActiveCfg = Debug|Any CPU
		{3C4FEEA2-D4E8-434A-BD70-A04EA0800442}.Debug|Any CPU.Build.0 = Debug|Any CPU
		{3C4FEEA2-D4E8-434A-BD70-A04EA0800442}.Release|Any CPU.ActiveCfg = Release|Any CPU
		{3C4FEEA2-D4E8-434A-BD70-A04EA0800442}.Release|Any CPU.Build.0 = Release|Any CPU
		{AF3C6B79-8FCA-4CD7-BADD-FB64DA4189BC}.Debug|Any CPU.ActiveCfg = Debug|Any CPU
		{AF3C6B79-8FCA-4CD7-BADD-FB64DA4189BC}.Debug|Any CPU.Build.0 = Debug|Any CPU
		{AF3C6B79-8FCA-4CD7-BADD-FB64DA4189BC}.Release|Any CPU.ActiveCfg = Release|Any CPU
		{AF3C6B79-8FCA-4CD7-BADD-FB64DA4189BC}.Release|Any CPU.Build.0 = Release|Any CPU
	EndGlobalSection
	GlobalSection(SolutionProperties) = preSolution
		HideSolutionNode = FALSE
	EndGlobalSection
	GlobalSection(ExtensibilityGlobals) = postSolution
		SolutionGuid = {37A76619-4779-4A58-9754-A82928D377AD}
	EndGlobalSection
EndGlobal
